
Microsoft Visual Studio Solution File, Format Version 12.00
# Visual Studio 15
VisualStudioVersion = 15.0.27130.2024
MinimumVisualStudioVersion = 10.0.40219.1
Project("{FAE04EC0-301F-11D3-BF4B-00C04F79EFBC}") = "Lab_2", "Lab_2\Lab_2.csproj", "{050DC956-E17D-4CF3-BA9B-57AAA58B80D4}"
EndProject
Global
	GlobalSection(SolutionConfigurationPlatforms) = preSolution
		Debug|Any CPU = Debug|Any CPU
		Release|Any CPU = Release|Any CPU
	EndGlobalSection
	GlobalSection(ProjectConfigurationPlatforms) = postSolution
		{050DC956-E17D-4CF3-BA9B-57AAA58B80D4}.Debug|Any CPU.ActiveCfg = Debug|Any CPU
		{050DC956-E17D-4CF3-BA9B-57AAA58B80D4}.Debug|Any CPU.Build.0 = Debug|Any CPU
		{050DC956-E17D-4CF3-BA9B-57AAA58B80D4}.Release|Any CPU.ActiveCfg = Release|Any CPU
		{050DC956-E17D-4CF3-BA9B-57AAA58B80D4}.Release|Any CPU.Build.0 = Release|Any CPU
	EndGlobalSection
	GlobalSection(SolutionProperties) = preSolution
		HideSolutionNode = FALSE
	EndGlobalSection
	GlobalSection(ExtensibilityGlobals) = postSolution
		SolutionGuid = {40799466-94C9-42E6-9C31-F07504F0D2E8}
	EndGlobalSection
EndGlobal
